
Microsoft Visual Studio Solution File, Format Version 12.00
# Visual Studio 15
VisualStudioVersion = 15.0.27130.2036
MinimumVisualStudioVersion = 10.0.40219.1
Project("{9A19103F-16F7-4668-BE54-9A1E7A4F7556}") = "MyIdentityServer", "MyIdentityServer\MyIdentityServer.csproj", "{9CD5D55D-F84D-4D7F-9188-A304862F4CEB}"
EndProject
Project("{9A19103F-16F7-4668-BE54-9A1E7A4F7556}") = "MyApi", "MyApi\MyApi.csproj", "{C002674B-B8C9-4C22-9BC5-52DA041FCAD2}"
EndProject
Project("{9A19103F-16F7-4668-BE54-9A1E7A4F7556}") = "MyConsoleClient", "MyConsoleClient\MyConsoleClient.csproj", "{3D9DF2E5-3277-4597-BDFF-2449EDE6C9B1}"
EndProject
Project("{9A19103F-16F7-4668-BE54-9A1E7A4F7556}") = "MyMvcClient", "MyMvcClient\MyMvcClient.csproj", "{62A451BB-324D-4ED4-9092-8EBA5ED91099}"
EndProject
Project("{FAE04EC0-301F-11D3-BF4B-00C04F79EFBC}") = "MyScriptClient", "MyScriptClient\MyScriptClient.csproj", "{C690B09A-C85C-45F8-9460-2AF0D4598D1C}"
EndProject
Global
	GlobalSection(SolutionConfigurationPlatforms) = preSolution
		Debug|Any CPU = Debug|Any CPU
		Release|Any CPU = Release|Any CPU
	EndGlobalSection
	GlobalSection(ProjectConfigurationPlatforms) = postSolution
		{9CD5D55D-F84D-4D7F-9188-A304862F4CEB}.Debug|Any CPU.ActiveCfg = Debug|Any CPU
		{9CD5D55D-F84D-4D7F-9188-A304862F4CEB}.Debug|Any CPU.Build.0 = Debug|Any CPU
		{9CD5D55D-F84D-4D7F-9188-A304862F4CEB}.Release|Any CPU.ActiveCfg = Release|Any CPU
		{9CD5D55D-F84D-4D7F-9188-A304862F4CEB}.Release|Any CPU.Build.0 = Release|Any CPU
		{C002674B-B8C9-4C22-9BC5-52DA041FCAD2}.Debug|Any CPU.ActiveCfg = Debug|Any CPU
		{C002674B-B8C9-4C22-9BC5-52DA041FCAD2}.Debug|Any CPU.Build.0 = Debug|Any CPU
		{C002674B-B8C9-4C22-9BC5-52DA041FCAD2}.Release|Any CPU.ActiveCfg = Release|Any CPU
		{C002674B-B8C9-4C22-9BC5-52DA041FCAD2}.Release|Any CPU.Build.0 = Release|Any CPU
		{3D9DF2E5-3277-4597-BDFF-2449EDE6C9B1}.Debug|Any CPU.ActiveCfg = Debug|Any CPU
		{3D9DF2E5-3277-4597-BDFF-2449EDE6C9B1}.Debug|Any CPU.Build.0 = Debug|Any CPU
		{3D9DF2E5-3277-4597-BDFF-2449EDE6C9B1}.Release|Any CPU.ActiveCfg = Release|Any CPU
		{3D9DF2E5-3277-4597-BDFF-2449EDE6C9B1}.Release|Any CPU.Build.0 = Release|Any CPU
		{62A451BB-324D-4ED4-9092-8EBA5ED91099}.Debug|Any CPU.ActiveCfg = Debug|Any CPU
		{62A451BB-324D-4ED4-9092-8EBA5ED91099}.Debug|Any CPU.Build.0 = Debug|Any CPU
		{62A451BB-324D-4ED4-9092-8EBA5ED91099}.Release|Any CPU.ActiveCfg = Release|Any CPU
		{62A451BB-324D-4ED4-9092-8EBA5ED91099}.Release|Any CPU.Build.0 = Release|Any CPU
		{C690B09A-C85C-45F8-9460-2AF0D4598D1C}.Debug|Any CPU.ActiveCfg = Debug|Any CPU
		{C690B09A-C85C-45F8-9460-2AF0D4598D1C}.Debug|Any CPU.Build.0 = Debug|Any CPU
		{C690B09A-C85C-45F8-9460-2AF0D4598D1C}.Release|Any CPU.ActiveCfg = Release|Any CPU
		{C690B09A-C85C-45F8-9460-2AF0D4598D1C}.Release|Any CPU.Build.0 = Release|Any CPU
	EndGlobalSection
	GlobalSection(SolutionProperties) = preSolution
		HideSolutionNode = FALSE
	EndGlobalSection
	GlobalSection(ExtensibilityGlobals) = postSolution
		SolutionGuid = {2D08FB63-F254-4FA8-9955-6A2C41DD7E63}
	EndGlobalSection
EndGlobal
